PODS:
  - ADMozaicCollectionViewLayout (1.0.2)
  - JGProgressHUD (1.4)
  - SwiftyJSON (2.4.0)

DEPENDENCIES:
  - ADMozaicCollectionViewLayout (= 1.0.2)
  - JGProgressHUD (= 1.4)
  - SwiftyJSON (~> 2.4.0)

SPEC CHECKSUMS:
  ADMozaicCollectionViewLayout: e051be17ab208c5d7e9d62aae7cd2b65a23c9570
  JGProgressHUD: 1617b0940cf80bb53e8f7d6f0fd69252ea45d6d4
  SwiftyJSON: 96918c1bf505efa50c4f72957018dd3452090c9c

PODFILE CHECKSUM: a25b494b32802abf16c4e1960a695a3744f37e48

COCOAPODS: 1.0.1
